// !$*UTF8*$!
{
	archiveVersion = 1;
	classes = {
	};
	objectVersion = 50;
	objects = {

/* Begin PBXBuildFile section */
		5E5EC6B720E898D100957497 /* AppDelegate.m in Sources */ = {isa = PBXBuildFile; fileRef = 5E5EC6B620E898D100957497 /* AppDelegate.m */; };
		5E5EC6BA20E898D100957497 /* ViewController.m in Sources */ = {isa = PBXBuildFile; fileRef = 5E5EC6B920E898D100957497 /* ViewController.m */; };
		5E5EC6BD20E898D100957497 /* Main.storyboard in Resources */ = {isa = PBXBuildFile; fileRef = 5E5EC6BB20E898D100957497 /* Main.storyboard */; };
		5E5EC6BF20E898D100957497 /* Assets.xcassets in Resources */ = {isa = PBXBuildFile; fileRef = 5E5EC6BE20E898D100957497 /* Assets.xcassets */; };
		5E5EC6C220E898D100957497 /* LaunchScreen.storyboard in Resources */ = {isa = PBXBuildFile; fileRef = 5E5EC6C020E898D100957497 /* LaunchScreen.storyboard */; };
		5E5EC6C520E898D100957497 /* main.m in Sources */ = {isa = PBXBuildFile; fileRef = 5E5EC6C420E898D100957497 /* main.m */; };
/* End PBXBuildFile section */

/* Begin PBXFileReference section */
		5E5EC6B220E898D000957497 /* ZzzUIViewColorGradient.app */ = {isa = PBXFileReference; explicitFileType = wrapper.application; includeInIndex = 0; path = ZzzUIViewColorGradient.app; sourceTree = BUILT_PRODUCTS_DIR; };
		5E5EC6B520E898D000957497 /* AppDelegate.h */ = {isa = PBXFileReference; lastKnownFileType = sourcecode.c.h; path = AppDelegate.h; sourceTree = "<group>"; };
		5E5EC6B620E898D100957497 /* AppDelegate.m */ = {isa = PBXFileReference; lastKnownFileType = sourcecode.c.objc; path = AppDelegate.m; sourceTree = "<group>"; };
		5E5EC6B820E898D100957497 /* ViewController.h */ = {isa = PBXFileReference; lastKnownFileType = sourcecode.c.h; path = ViewController.h; sourceTree = "<group>"; };
		5E5EC6B920E898D100957497 /* ViewController.m */ = {isa = PBXFileReference; lastKnownFileType = sourcecode.c.objc; path = ViewController.m; sourceTree = "<group>"; };
		5E5EC6BC20E898D100957497 /* Base */ = {isa = PBXFileReference; lastKnownFileType = file.storyboard; name = Base; path = Base.lproj/Main.storyboard; sourceTree = "<group>"; };
		5E5EC6BE20E898D100957497 /* Assets.xcassets */ = {isa = PBXFileReference; lastKnownFileType = folder.assetcatalog; path = Assets.xcassets; sourceTree = "<group>"; };
		5E5EC6C120E898D100957497 /* Base */ = {isa = PBXFileReference; lastKnownFileType = file.storyboard; name = Base; path = Base.lproj/LaunchScreen.storyboard; sourceTree = "<group>"; };
		5E5EC6C320E898D100957497 /* Info.plist */ = {isa = PBXFileReference; lastKnownFileType = text.plist.xml; path = Info.plist; sourceTree = "<group>"; };
		5E5EC6C420E898D100957497 /* main.m */ = {isa = PBXFileReference; lastKnownFileType = sourcecode.c.objc; path = main.m; sourceTree = "<group>"; };
/* End PBXFileReference section */

/* Begin PBXFrameworksBuildPhase section */
		5E5EC6AF20E898D000957497 /* Frameworks */ = {
			isa = PBXFrameworksBuildPhase;
			buildActionMask = 2147483647;
			files = (
			);
			runOnlyForDeploymentPostprocessing = 0;
		};
/* End PBXFrameworksBuildPhase section */

/* Begin PBXGroup section */
		5E5EC6A920E898D000957497 = {
			isa = PBXGroup;
			children = (
				5E5EC6B420E898D000957497 /* ZzzUIViewColorGradient */,
				5E5EC6B320E898D000957497 /* Products */,
			);
			sourceTree = "<group>";
		};
		5E5EC6B320E898D000957497 /* Products */ = {
			isa = PBXGroup;
			children = (
				5E5EC6B220E898D000957497 /* ZzzUIViewColorGradient.app */,
			);
			name = Products;
			sourceTree = "<group>";
		};
		5E5EC6B420E898D000957497 /* ZzzUIViewColorGradient */ = {
			isa = PBXGroup;
			children = (
				5E5EC6B520E898D000957497 /* AppDelegate.h */,
				5E5EC6B620E898D100957497 /* AppDelegate.m */,
				5E5EC6B820E898D100957497 /* ViewController.h */,
				5E5EC6B920E898D100957497 /* ViewController.m */,
				5E5EC6BB20E898D100957497 /* Main.storyboard */,
				5E5EC6BE20E898D100957497 /* Assets.xcassets */,
				5E5EC6C020E898D100957497 /* LaunchScreen.storyboard */,
				5E5EC6C320E898D100957497 /* Info.plist */,
				5E5EC6C420E898D100957497 /* main.m */,
			);
			path = ZzzUIViewColorGradient;
			sourceTree = "<group>";
		};
/* End PBXGroup section */

/* Begin PBXNativeTarget section */
		5E5EC6B120E898D000957497 /* ZzzUIViewColorGradient */ = {
			isa = PBXNativeTarget;
			buildConfigurationList = 5E5EC6C820E898D100957497 /* Build configuration list for PBXNativeTarget "ZzzUIViewColorGradient" */;
			buildPhases = (
				5E5EC6AE20E898D000957497 /* Sources */,
				5E5EC6AF20E898D000957497 /* Frameworks */,
				5E5EC6B020E898D000957497 /* Resources */,
			);
			buildRules = (
			);
			dependencies = (
			);
			name = ZzzUIViewColorGradient;
			productName = ZzzUIViewColorGradient;
			productReference = 5E5EC6B220E898D000957497 /* ZzzUIViewColorGradient.app */;
			productType = "com.apple.product-type.application";
		};
/* End PBXNativeTarget section */

/* Begin PBXProject section */
		5E5EC6AA20E898D000957497 /* Project object */ = {
			isa = PBXProject;
			attributes = {
				LastUpgradeCheck = 1000;
				ORGANIZATIONNAME = zhouzezhou;
				TargetAttributes = {
					5E5EC6B120E898D000957497 = {
						CreatedOnToolsVersion = 10.0;
					};
				};
			};
			buildConfigurationList = 5E5EC6AD20E898D000957497 /* Build configuration list for PBXProject "ZzzUIViewColorGradient" */;
			compatibilityVersion = "Xcode 9.3";
			developmentRegion = en;
			hasScannedForEncodings = 0;
			knownRegions = (
				en,
				Base,
			);
			mainGroup = 5E5EC6A920E898D000957497;
			productRefGroup = 5E5EC6B320E898D000957497 /* Products */;
			projectDirPath = "";
			projectRoot = "";
			targets = (
				5E5EC6B120E898D000957497 /* ZzzUIViewColorGradient */,
			);
		};
/* End PBXProject section */

/* Begin PBXResourcesBuildPhase section */
		5E5EC6B020E898D000957497 /* Resources */ = {
			isa = PBXResourcesBuildPhase;
			buildActionMask = 2147483647;
			files = (
				5E5EC6C220E898D100957497 /* LaunchScreen.storyboard in Resources */,
				5E5EC6BF20E898D100957497 /* Assets.xcassets in Resources */,
				5E5EC6BD20E898D100957497 /* Main.storyboard in Resources */,
			);
			runOnlyForDeploymentPostprocessing = 0;
		};
/* End PBXResourcesBuildPhase section */

/* Begin PBXSourcesBuildPhase section */
		5E5EC6AE20E898D000957497 /* Sources */ = {
			isa = PBXSourcesBuildPhase;
			buildActionMask = 2147483647;
			files = (
				5E5EC6BA20E898D100957497 /* ViewController.m in Sources */,
				5E5EC6C520E898D100957497 /* main.m in Sources */,
				5E5EC6B720E898D100957497 /* AppDelegate.m in Sources */,
			);
			runOnlyForDeploymentPostprocessing = 0;
		};
/* End PBXSourcesBuildPhase section */

/* Begin PBXVariantGroup section */
		5E5EC6BB20E898D100957497 /* Main.storyboard */ = {
			isa = PBXVariantGroup;
			children = (
				5E5EC6BC20E898D100957497 /* Base */,
			);
			name = Main.storyboard;
			sourceTree = "<group>";
		};
		5E5EC6C020E898D100957497 /* LaunchScreen.storyboard */ = {
			isa = PBXVariantGroup;
			children = (
				5E5EC6C120E898D100957497 /* Base */,
			);
			name = LaunchScreen.storyboard;
			sourceTree = "<group>";
		};
/* End PBXVariantGroup section */

/* Begin XCBuildConfiguration section */
		5E5EC6C620E898D100957497 /* Debug */ = {
			isa = XCBuildConfiguration;
			buildSettings = {
				ALWAYS_SEARCH_USER_PATHS = NO;
				CLANG_ANALYZER_NONNULL = YES;
				CLANG_ANALYZER_NUMBER_OBJECT_CONVERSION = YES_AGGRESSIVE;
				CLANG_CXX_LANGUAGE_STANDARD = "gnu++14";
				CLANG_CXX_LIBRARY = "libc++";
				CLANG_ENABLE_MODULES = YES;
				CLANG_ENABLE_OBJC_ARC = YES;
				CLANG_ENABLE_OBJC_WEAK = YES;
				CLANG_WARN_BLOCK_CAPTURE_AUTORELEASING = YES;
				CLANG_WARN_BOOL_CONVERSION = YES;
				CLANG_WARN_COMMA = YES;
				CLANG_WARN_CONSTANT_CONVERSION = YES;
				CLANG_WARN_DEPRECATED_OBJC_IMPLEMENTATIONS = YES;
				CLANG_WARN_DIRECT_OBJC_ISA_USAGE = YES_ERROR;
				CLANG_WARN_DOCUMENTATION_COMMENTS = YES;
				CLANG_WARN_EMPTY_BODY = YES;
				CLANG_WARN_ENUM_CONVERSION = YES;
				CLANG_WARN_INFINITE_RECURSION = YES;
				CLANG_WARN_INT_CONVERSION = YES;
				CLANG_WARN_NON_LITERAL_NULL_CONVERSION = YES;
				CLANG_WARN_OBJC_IMPLICIT_RETAIN_SELF = YES;
				CLANG_WARN_OBJC_LITERAL_CONVERSION = YES;
				CLANG_WARN_OBJC_ROOT_CLASS = YES_ERROR;
				CLANG_WARN_RANGE_LOOP_ANALYSIS = YES;
				CLANG_WARN_STRICT_PROTOTYPES = YES;
				CLANG_WARN_SUSPICIOUS_MOVE = YES;
				CLANG_WARN_UNGUARDED_AVAILABILITY = YES_AGGRESSIVE;
				CLANG_WARN_UNREACHABLE_CODE = YES;
				CLANG_WARN__DUPLICATE_METHOD_MATCH = YES;
				CODE_SIGN_IDENTITY = "iPhone Developer";
				COPY_PHASE_STRIP = NO;
				DEBUG_INFORMATION_FORMAT = dwarf;
				ENABLE_STRICT_OBJC_MSGSEND = YES;
				ENABLE_TESTABILITY = YES;
				GCC_C_LANGUAGE_STANDARD = gnu11;
				GCC_DYNAMIC_NO_PIC = NO;
				GCC_NO_COMMON_BLOCKS = YES;
				GCC_OPTIMIZATION_LEVEL = 0;
				GCC_PREPROCESSOR_DEFINITIONS = (
					"DEBUG=1",
					"$(inherited)",
				);
				GCC_WARN_64_TO_32_BIT_CONVERSION = YES;
				GCC_WARN_ABOUT_RETURN_TYPE = YES_ERROR;
				GCC_WARN_UNDECLARED_SELECTOR = YES;
				GCC_WARN_UNINITIALIZED_AUTOS = YES_AGGRESSIVE;
				GCC_WARN_UNUSED_FUNCTION = YES;
				GCC_WARN_UNUSED_VARIABLE = YES;
				IPHONEOS_DEPLOYMENT_TARGET = 12.0;
				MTL_ENABLE_DEBUG_INFO = INCLUDE_SOURCE;
				ONLY_ACTIVE_ARCH = YES;
				SDKROOT = iphoneos;
			};
			name = Debug;
		};
		5E5EC6C720E898D100957497 /* Release */ = {
			isa = XCBuildConfiguration;
			buildSettings = {
				ALWAYS_SEARCH_USER_PATHS = NO;
				CLANG_ANALYZER_NONNULL = YES;
				CLANG_ANALYZER_NUMBER_OBJECT_CONVERSION = YES_AGGRESSIVE;
				CLANG_CXX_LANGUAGE_STANDARD = "gnu++14";
				CLANG_CXX_LIBRARY = "libc++";
				CLANG_ENABLE_MODULES = YES;
				CLANG_ENABLE_OBJC_ARC = YES;
				CLANG_ENABLE_OBJC_WEAK = YES;
				CLANG_WARN_BLOCK_CAPTURE_AUTORELEASING = YES;
				CLANG_WARN_BOOL_CONVERSION = YES;
				CLANG_WARN_COMMA = YES;
				CLANG_WARN_CONSTANT_CONVERSION = YES;
				CLANG_WARN_DEPRECATED_OBJC_IMPLEMENTATIONS = YES;
				CLANG_WARN_DIRECT_OBJC_ISA_USAGE = YES_ERROR;
				CLANG_WARN_DOCUMENTATION_COMMENTS = YES;
				CLANG_WARN_EMPTY_BODY = YES;
				CLANG_WARN_ENUM_CONVERSION = YES;
				CLANG_WARN_INFINITE_RECURSION = YES;
				CLANG_WARN_INT_CONVERSION = YES;
				CLANG_WARN_NON_LITERAL_NULL_CONVERSION = YES;
				CLANG_WARN_OBJC_IMPLICIT_RETAIN_SELF = YES;
				CLANG_WARN_OBJC_LITERAL_CONVERSION = YES;
				CLANG_WARN_OBJC_ROOT_CLASS = YES_ERROR;
				CLANG_WARN_RANGE_LOOP_ANALYSIS = YES;
				CLANG_WARN_STRICT_PROTOTYPES = YES;
				CLANG_WARN_SUSPICIOUS_MOVE = YES;
				CLANG_WARN_UNGUARDED_AVAILABILITY = YES_AGGRESSIVE;
				CLANG_WARN_UNREACHABLE_CODE = YES;
				CLANG_WARN__DUPLICATE_METHOD_MATCH = YES;
				CODE_SIGN_IDENTITY = "iPhone Developer";
				COPY_PHASE_STRIP = NO;
				DEBUG_INFORMATION_FORMAT = "dwarf-with-dsym";
				ENABLE_NS_ASSERTIONS = NO;
				ENABLE_STRICT_OBJC_MSGSEND = YES;
				GCC_C_LANGUAGE_STANDARD = gnu11;
				GCC_NO_COMMON_BLOCKS = YES;
				GCC_WARN_64_TO_32_BIT_CONVERSION = YES;
				GCC_WARN_ABOUT_RETURN_TYPE = YES_ERROR;
				GCC_WARN_UNDECLARED_SELECTOR = YES;
				GCC_WARN_UNINITIALIZED_AUTOS = YES_AGGRESSIVE;
				GCC_WARN_UNUSED_FUNCTION = YES;
				GCC_WARN_UNUSED_VARIABLE = YES;
				IPHONEOS_DEPLOYMENT_TARGET = 12.0;
				MTL_ENABLE_DEBUG_INFO = NO;
				SDKROOT = iphoneos;
				VALIDATE_PRODUCT = YES;
			};
			name = Release;
		};
		5E5EC6C920E898D100957497 /* Debug */ = {
			isa = XCBuildConfiguration;
			buildSettings = {
				ASSETCATALOG_COMPILER_APPICON_NAME = AppIcon;
				CODE_SIGN_STYLE = Automatic;
				DEVELOPMENT_TEAM = CB29T9LDGP;
				INFOPLIST_FILE = ZzzUIViewColorGradient/Info.plist;
				LD_RUNPATH_SEARCH_PATHS = (
					"$(inherited)",
					"@executable_path/Frameworks",
				);
				PRODUCT_BUNDLE_IDENTIFIER = zzz.ZzzUIViewColorGradient;
				PRODUCT_NAME = "$(TARGET_NAME)";
				TARGETED_DEVICE_FAMILY = "1,2";
			};
			name = Debug;
		};
		5E5EC6CA20E898D100957497 /* Release */ = {
			isa = XCBuildConfiguration;
			buildSettings = {
				ASSETCATALOG_COMPILER_APPICON_NAME = AppIcon;
				CODE_SIGN_STYLE = Automatic;
				DEVELOPMENT_TEAM = CB29T9LDGP;
				INFOPLIST_FILE = ZzzUIViewColorGradient/Info.plist;
				LD_RUNPATH_SEARCH_PATHS = (
					"$(inherited)",
					"@executable_path/Frameworks",
				);
				PRODUCT_BUNDLE_IDENTIFIER = zzz.ZzzUIViewColorGradient;
				PRODUCT_NAME = "$(TARGET_NAME)";
				TARGETED_DEVICE_FAMILY = "1,2";
			};
			name = Release;
		};
/* End XCBuildConfiguration section */

/* Begin XCConfigurationList section */
		5E5EC6AD20E898D000957497 /* Build configuration list for PBXProject "ZzzUIViewColorGradient" */ = {
			isa = XCConfigurationList;
			buildConfigurations = (
				5E5EC6C620E898D100957497 /* Debug */,
				5E5EC6C720E898D100957497 /* Release */,
			);
			defaultConfigurationIsVisible = 0;
			defaultConfigurationName = Release;
		};
		5E5EC6C820E898D100957497 /* Build configuration list for PBXNativeTarget "ZzzUIViewColorGradient" */ = {
			isa = XCConfigurationList;
			buildConfigurations = (
				5E5EC6C920E898D100957497 /* Debug */,
				5E5EC6CA20E898D100957497 /* Release */,
			);
			defaultConfigurationIsVisible = 0;
			defaultConfigurationName = Release;
		};
/* End XCConfigurationList section */
	};
	rootObject = 5E5EC6AA20E898D000957497 /* Project object */;
}
